
Microsoft Visual Studio Solution File, Format Version 12.00
# Visual Studio Version 16
VisualStudioVersion = 16.0.31729.503
MinimumVisualStudioVersion = 10.0.40219.1
Project("{FAE04EC0-301F-11D3-BF4B-00C04F79EFBC}") = "M11-Program", "M11-Program.csproj", "{F9AF6FDD-F6A4-4975-8FAD-60C4BBF788BB}"
EndProject
Global
	GlobalSection(SolutionConfigurationPlatforms) = preSolution
		Debug|Any CPU = Debug|Any CPU
		Release|Any CPU = Release|Any CPU
	EndGlobalSection
	GlobalSection(ProjectConfigurationPlatforms) = postSolution
		{F9AF6FDD-F6A4-4975-8FAD-60C4BBF788BB}.Debug|Any CPU.ActiveCfg = Debug|Any CPU
		{F9AF6FDD-F6A4-4975-8FAD-60C4BBF788BB}.Debug|Any CPU.Build.0 = Debug|Any CPU
		{F9AF6FDD-F6A4-4975-8FAD-60C4BBF788BB}.Release|Any CPU.ActiveCfg = Release|Any CPU
		{F9AF6FDD-F6A4-4975-8FAD-60C4BBF788BB}.Release|Any CPU.Build.0 = Release|Any CPU
	EndGlobalSection
	GlobalSection(SolutionProperties) = preSolution
		HideSolutionNode = FALSE
	EndGlobalSection
	GlobalSection(ExtensibilityGlobals) = postSolution
		SolutionGuid = {BCFE8302-36F1-4446-80F0-29316301D34F}
	EndGlobalSection
EndGlobal
